
Microsoft Visual Studio Solution File, Format Version 12.00
# Visual Studio Version 16
VisualStudioVersion = 16.0.31005.135
MinimumVisualStudioVersion = 10.0.40219.1
Project("{FAE04EC0-301F-11D3-BF4B-00C04F79EFBC}") = "Customization RMK", "Customization RMK\Customization RMK.csproj", "{F1CD30F5-C733-40F3-84BF-3E148E76287F}"
EndProject
Project("{FAE04EC0-301F-11D3-BF4B-00C04F79EFBC}") = "UpdateCustomizationRMK", "UpdateCustomizationRMK\UpdateCustomizationRMK.csproj", "{AD4EDF77-468F-4EE8-85FE-B46B4A5F6249}"
EndProject
Global
	GlobalSection(SolutionConfigurationPlatforms) = preSolution
		Debug|Any CPU = Debug|Any CPU
		Release|Any CPU = Release|Any CPU
	EndGlobalSection
	GlobalSection(ProjectConfigurationPlatforms) = postSolution
		{F1CD30F5-C733-40F3-84BF-3E148E76287F}.Debug|Any CPU.ActiveCfg = Debug|Any CPU
		{F1CD30F5-C733-40F3-84BF-3E148E76287F}.Debug|Any CPU.Build.0 = Debug|Any CPU
		{F1CD30F5-C733-40F3-84BF-3E148E76287F}.Release|Any CPU.ActiveCfg = Release|Any CPU
		{F1CD30F5-C733-40F3-84BF-3E148E76287F}.Release|Any CPU.Build.0 = Release|Any CPU
		{AD4EDF77-468F-4EE8-85FE-B46B4A5F6249}.Debug|Any CPU.ActiveCfg = Debug|Any CPU
		{AD4EDF77-468F-4EE8-85FE-B46B4A5F6249}.Debug|Any CPU.Build.0 = Debug|Any CPU
		{AD4EDF77-468F-4EE8-85FE-B46B4A5F6249}.Release|Any CPU.ActiveCfg = Release|Any CPU
		{AD4EDF77-468F-4EE8-85FE-B46B4A5F6249}.Release|Any CPU.Build.0 = Release|Any CPU
	EndGlobalSection
	GlobalSection(SolutionProperties) = preSolution
		HideSolutionNode = FALSE
	EndGlobalSection
	GlobalSection(ExtensibilityGlobals) = postSolution
		SolutionGuid = {62E722E9-623B-4BC4-8A4D-5EADA0DACBD0}
	EndGlobalSection
EndGlobal
